{
  "name": "playground-example",
  "version": "1.0.0",
  "lockfileVersion": 3,
  "requires": true,
  "packages": {
    "": {
      "name": "playground-example",
      "version": "1.0.0",
      "dependencies": {
        "wordpress-playground-handler": "file:.."
      },
      "devDependencies": {
        "typescript": "^5.0.0"
      }
    },
    "..": {
      "version": "1.0.0",
      "license": "MIT",
      "dependencies": {
        "@wp-playground/cli": "1.1.5",
        "fs-extra": "^11.3.0"
      },
      "devDependencies": {
        "@types/fs-extra": "^11.0.4",
        "@types/node": "^20.0.0",
        "@vitest/ui": "^3.2.4",
        "ts-node": "^10.0.0",
        "tsc-esm-fix": "^3.1.2",
        "typescript": "^5.0.0",
        "vitest": "^3.2.4"
      }
    },
    "node_modules/typescript": {
      "version": "5.8.3",
      "resolved": "https://registry.npmjs.org/typescript/-/typescript-5.8.3.tgz",
      "integrity": "sha512-p1diW6TqL9L07nNxvRMM7hMMw4c5XOo/1ibL4aAIGmSAt9slTE1Xgw5KWuof2uTOvCg9BY7ZRi+GaF+7sfgPeQ==",
      "dev": true,
      "license": "Apache-2.0",
      "bin": {
        "tsc": "bin/tsc",
        "tsserver": "bin/tsserver"
      },
      "engines": {
        "node": ">=14.17"
      }
    },
    "node_modules/wordpress-playground-handler": {
      "resolved": "..",
      "link": true
    }
  }
}
